
Microsoft Visual Studio Solution File, Format Version 12.00
# Visual Studio Version 17
VisualStudioVersion = 17.3.32929.385
MinimumVisualStudioVersion = 10.0.40219.1
Project("{FAE04EC0-301F-11D3-BF4B-00C04F79EFBC}") = "desafio3", "desafio3.csproj", "{C3314445-81C5-4F8A-A36A-F8327127D96D}"
EndProject
Global
	GlobalSection(SolutionConfigurationPlatforms) = preSolution
		Debug|Any CPU = Debug|Any CPU
		Release|Any CPU = Release|Any CPU
	EndGlobalSection
	GlobalSection(ProjectConfigurationPlatforms) = postSolution
		{C3314445-81C5-4F8A-A36A-F8327127D96D}.Debug|Any CPU.ActiveCfg = Debug|Any CPU
		{C3314445-81C5-4F8A-A36A-F8327127D96D}.Debug|Any CPU.Build.0 = Debug|Any CPU
		{C3314445-81C5-4F8A-A36A-F8327127D96D}.Release|Any CPU.ActiveCfg = Release|Any CPU
		{C3314445-81C5-4F8A-A36A-F8327127D96D}.Release|Any CPU.Build.0 = Release|Any CPU
	EndGlobalSection
	GlobalSection(SolutionProperties) = preSolution
		HideSolutionNode = FALSE
	EndGlobalSection
	GlobalSection(ExtensibilityGlobals) = postSolution
		SolutionGuid = {AEFB5272-6F77-43D9-A2BF-C51739B5858C}
	EndGlobalSection
EndGlobal
